
Microsoft Visual Studio Solution File, Format Version 12.00
# Visual Studio 11
Project("{FAE04EC0-301F-11D3-BF4B-00C04F79EFBC}") = "fCraft", "fCraft\fCraft.csproj", "{7FBE7809-6F77-415C-ABEB-A3F627E817B0}"
EndProject
Project("{FAE04EC0-301F-11D3-BF4B-00C04F79EFBC}") = "ServerGUI", "ServerGUI\ServerGUI.csproj", "{4D4EEAA2-190C-496D-B014-0EB68CA4E535}"
EndProject
Project("{FAE04EC0-301F-11D3-BF4B-00C04F79EFBC}") = "ConfigGUI", "ConfigGUI\ConfigGUI.csproj", "{3016BB07-87C4-4CA4-9DA7-492404D1FEE7}"
EndProject
Project("{FAE04EC0-301F-11D3-BF4B-00C04F79EFBC}") = "UpdateInstaller", "UpdateInstaller\UpdateInstaller.csproj", "{478256DE-BD19-4046-9449-A12FF90EE6A8}"
	ProjectSection(ProjectDependencies) = postProject
		{E5719EAF-5ECF-4BBD-842B-39DDFBCE8FE7} = {E5719EAF-5ECF-4BBD-842B-39DDFBCE8FE7}
	EndProjectSection
EndProject
Project("{FAE04EC0-301F-11D3-BF4B-00C04F79EFBC}") = "ServerCLI", "ServerCLI\ServerCLI.csproj", "{315FB33C-6C57-4A89-ABFB-C083F2015880}"
EndProject
Project("{FAE04EC0-301F-11D3-BF4B-00C04F79EFBC}") = "UpdateBuilder", "UpdaterBuilder\UpdateBuilder.csproj", "{E5719EAF-5ECF-4BBD-842B-39DDFBCE8FE7}"
	ProjectSection(ProjectDependencies) = postProject
		{3016BB07-87C4-4CA4-9DA7-492404D1FEE7} = {3016BB07-87C4-4CA4-9DA7-492404D1FEE7}
		{315FB33C-6C57-4A89-ABFB-C083F2015880} = {315FB33C-6C57-4A89-ABFB-C083F2015880}
		{4D4EEAA2-190C-496D-B014-0EB68CA4E535} = {4D4EEAA2-190C-496D-B014-0EB68CA4E535}
		{7FBE7809-6F77-415C-ABEB-A3F627E817B0} = {7FBE7809-6F77-415C-ABEB-A3F627E817B0}
	EndProjectSection
EndProject
Project("{FAE04EC0-301F-11D3-BF4B-00C04F79EFBC}") = "fCraftGUI", "fCraftGUI\fCraftGUI.csproj", "{AFAEE6CC-8B4F-40CD-9623-7FFDC8E52222}"
EndProject
Global
	GlobalSection(SolutionConfigurationPlatforms) = preSolution
		Debug_Events|Any CPU = Debug_Events|Any CPU
		Debug_IRC|Any CPU = Debug_IRC|Any CPU
		Debug_Scheduler|Any CPU = Debug_Scheduler|Any CPU
		Debug|Any CPU = Debug|Any CPU
		Release|Any CPU = Release|Any CPU
	EndGlobalSection
	GlobalSection(ProjectConfigurationPlatforms) = postSolution
		{3016BB07-87C4-4CA4-9DA7-492404D1FEE7}.Debug_Events|Any CPU.ActiveCfg = Debug|Any CPU
		{3016BB07-87C4-4CA4-9DA7-492404D1FEE7}.Debug_Events|Any CPU.Build.0 = Debug|Any CPU
		{3016BB07-87C4-4CA4-9DA7-492404D1FEE7}.Debug_IRC|Any CPU.ActiveCfg = Debug|Any CPU
		{3016BB07-87C4-4CA4-9DA7-492404D1FEE7}.Debug_IRC|Any CPU.Build.0 = Debug|Any CPU
		{3016BB07-87C4-4CA4-9DA7-492404D1FEE7}.Debug_Scheduler|Any CPU.ActiveCfg = Debug|Any CPU
		{3016BB07-87C4-4CA4-9DA7-492404D1FEE7}.Debug_Scheduler|Any CPU.Build.0 = Debug|Any CPU
		{3016BB07-87C4-4CA4-9DA7-492404D1FEE7}.Debug|Any CPU.ActiveCfg = Debug|Any CPU
		{3016BB07-87C4-4CA4-9DA7-492404D1FEE7}.Debug|Any CPU.Build.0 = Debug|Any CPU
		{3016BB07-87C4-4CA4-9DA7-492404D1FEE7}.Release|Any CPU.ActiveCfg = Release|Any CPU
		{3016BB07-87C4-4CA4-9DA7-492404D1FEE7}.Release|Any CPU.Build.0 = Release|Any CPU
		{315FB33C-6C57-4A89-ABFB-C083F2015880}.Debug_Events|Any CPU.ActiveCfg = Debug|Any CPU
		{315FB33C-6C57-4A89-ABFB-C083F2015880}.Debug_Events|Any CPU.Build.0 = Debug|Any CPU
		{315FB33C-6C57-4A89-ABFB-C083F2015880}.Debug_IRC|Any CPU.ActiveCfg = Debug|Any CPU
		{315FB33C-6C57-4A89-ABFB-C083F2015880}.Debug_IRC|Any CPU.Build.0 = Debug|Any CPU
		{315FB33C-6C57-4A89-ABFB-C083F2015880}.Debug_Scheduler|Any CPU.ActiveCfg = Debug|Any CPU
		{315FB33C-6C57-4A89-ABFB-C083F2015880}.Debug_Scheduler|Any CPU.Build.0 = Debug|Any CPU
		{315FB33C-6C57-4A89-ABFB-C083F2015880}.Debug|Any CPU.ActiveCfg = Debug|Any CPU
		{315FB33C-6C57-4A89-ABFB-C083F2015880}.Debug|Any CPU.Build.0 = Debug|Any CPU
		{315FB33C-6C57-4A89-ABFB-C083F2015880}.Release|Any CPU.ActiveCfg = Release|Any CPU
		{315FB33C-6C57-4A89-ABFB-C083F2015880}.Release|Any CPU.Build.0 = Release|Any CPU
		{478256DE-BD19-4046-9449-A12FF90EE6A8}.Debug_Events|Any CPU.ActiveCfg = Debug|Any CPU
		{478256DE-BD19-4046-9449-A12FF90EE6A8}.Debug_Events|Any CPU.Build.0 = Debug|Any CPU
		{478256DE-BD19-4046-9449-A12FF90EE6A8}.Debug_IRC|Any CPU.ActiveCfg = Debug|Any CPU
		{478256DE-BD19-4046-9449-A12FF90EE6A8}.Debug_IRC|Any CPU.Build.0 = Debug|Any CPU
		{478256DE-BD19-4046-9449-A12FF90EE6A8}.Debug_Scheduler|Any CPU.ActiveCfg = Debug|Any CPU
		{478256DE-BD19-4046-9449-A12FF90EE6A8}.Debug_Scheduler|Any CPU.Build.0 = Debug|Any CPU
		{478256DE-BD19-4046-9449-A12FF90EE6A8}.Debug|Any CPU.ActiveCfg = Debug|Any CPU
		{478256DE-BD19-4046-9449-A12FF90EE6A8}.Debug|Any CPU.Build.0 = Debug|Any CPU
		{478256DE-BD19-4046-9449-A12FF90EE6A8}.Release|Any CPU.ActiveCfg = Release|Any CPU
		{478256DE-BD19-4046-9449-A12FF90EE6A8}.Release|Any CPU.Build.0 = Release|Any CPU
		{4D4EEAA2-190C-496D-B014-0EB68CA4E535}.Debug_Events|Any CPU.ActiveCfg = Debug|Any CPU
		{4D4EEAA2-190C-496D-B014-0EB68CA4E535}.Debug_Events|Any CPU.Build.0 = Debug|Any CPU
		{4D4EEAA2-190C-496D-B014-0EB68CA4E535}.Debug_IRC|Any CPU.ActiveCfg = Debug|Any CPU
		{4D4EEAA2-190C-496D-B014-0EB68CA4E535}.Debug_IRC|Any CPU.Build.0 = Debug|Any CPU
		{4D4EEAA2-190C-496D-B014-0EB68CA4E535}.Debug_Scheduler|Any CPU.ActiveCfg = Debug|Any CPU
		{4D4EEAA2-190C-496D-B014-0EB68CA4E535}.Debug_Scheduler|Any CPU.Build.0 = Debug|Any CPU
		{4D4EEAA2-190C-496D-B014-0EB68CA4E535}.Debug|Any CPU.ActiveCfg = Debug|Any CPU
		{4D4EEAA2-190C-496D-B014-0EB68CA4E535}.Debug|Any CPU.Build.0 = Debug|Any CPU
		{4D4EEAA2-190C-496D-B014-0EB68CA4E535}.Release|Any CPU.ActiveCfg = Release|Any CPU
		{4D4EEAA2-190C-496D-B014-0EB68CA4E535}.Release|Any CPU.Build.0 = Release|Any CPU
		{7FBE7809-6F77-415C-ABEB-A3F627E817B0}.Debug_Events|Any CPU.ActiveCfg = Debug_Events|Any CPU
		{7FBE7809-6F77-415C-ABEB-A3F627E817B0}.Debug_Events|Any CPU.Build.0 = Debug_Events|Any CPU
		{7FBE7809-6F77-415C-ABEB-A3F627E817B0}.Debug_IRC|Any CPU.ActiveCfg = Debug_IRC|Any CPU
		{7FBE7809-6F77-415C-ABEB-A3F627E817B0}.Debug_IRC|Any CPU.Build.0 = Debug_IRC|Any CPU
		{7FBE7809-6F77-415C-ABEB-A3F627E817B0}.Debug_Scheduler|Any CPU.ActiveCfg = Debug_Scheduler|Any CPU
		{7FBE7809-6F77-415C-ABEB-A3F627E817B0}.Debug_Scheduler|Any CPU.Build.0 = Debug_Scheduler|Any CPU
		{7FBE7809-6F77-415C-ABEB-A3F627E817B0}.Debug|Any CPU.ActiveCfg = Debug|Any CPU
		{7FBE7809-6F77-415C-ABEB-A3F627E817B0}.Debug|Any CPU.Build.0 = Debug|Any CPU
		{7FBE7809-6F77-415C-ABEB-A3F627E817B0}.Release|Any CPU.ActiveCfg = Release|Any CPU
		{7FBE7809-6F77-415C-ABEB-A3F627E817B0}.Release|Any CPU.Build.0 = Release|Any CPU
		{AFAEE6CC-8B4F-40CD-9623-7FFDC8E52222}.Debug_Events|Any CPU.ActiveCfg = Debug|Any CPU
		{AFAEE6CC-8B4F-40CD-9623-7FFDC8E52222}.Debug_Events|Any CPU.Build.0 = Debug|Any CPU
		{AFAEE6CC-8B4F-40CD-9623-7FFDC8E52222}.Debug_IRC|Any CPU.ActiveCfg = Debug|Any CPU
		{AFAEE6CC-8B4F-40CD-9623-7FFDC8E52222}.Debug_IRC|Any CPU.Build.0 = Debug|Any CPU
		{AFAEE6CC-8B4F-40CD-9623-7FFDC8E52222}.Debug_Scheduler|Any CPU.ActiveCfg = Debug|Any CPU
		{AFAEE6CC-8B4F-40CD-9623-7FFDC8E52222}.Debug_Scheduler|Any CPU.Build.0 = Debug|Any CPU
		{AFAEE6CC-8B4F-40CD-9623-7FFDC8E52222}.Debug|Any CPU.ActiveCfg = Debug|Any CPU
		{AFAEE6CC-8B4F-40CD-9623-7FFDC8E52222}.Debug|Any CPU.Build.0 = Debug|Any CPU
		{AFAEE6CC-8B4F-40CD-9623-7FFDC8E52222}.Release|Any CPU.ActiveCfg = Release|Any CPU
		{AFAEE6CC-8B4F-40CD-9623-7FFDC8E52222}.Release|Any CPU.Build.0 = Release|Any CPU
		{E5719EAF-5ECF-4BBD-842B-39DDFBCE8FE7}.Debug_Events|Any CPU.ActiveCfg = Debug|Any CPU
		{E5719EAF-5ECF-4BBD-842B-39DDFBCE8FE7}.Debug_Events|Any CPU.Build.0 = Debug|Any CPU
		{E5719EAF-5ECF-4BBD-842B-39DDFBCE8FE7}.Debug_IRC|Any CPU.ActiveCfg = Debug|Any CPU
		{E5719EAF-5ECF-4BBD-842B-39DDFBCE8FE7}.Debug_IRC|Any CPU.Build.0 = Debug|Any CPU
		{E5719EAF-5ECF-4BBD-842B-39DDFBCE8FE7}.Debug_Scheduler|Any CPU.ActiveCfg = Debug|Any CPU
		{E5719EAF-5ECF-4BBD-842B-39DDFBCE8FE7}.Debug_Scheduler|Any CPU.Build.0 = Debug|Any CPU
		{E5719EAF-5ECF-4BBD-842B-39DDFBCE8FE7}.Debug|Any CPU.ActiveCfg = Debug|Any CPU
		{E5719EAF-5ECF-4BBD-842B-39DDFBCE8FE7}.Debug|Any CPU.Build.0 = Debug|Any CPU
		{E5719EAF-5ECF-4BBD-842B-39DDFBCE8FE7}.Release|Any CPU.ActiveCfg = Release|Any CPU
		{E5719EAF-5ECF-4BBD-842B-39DDFBCE8FE7}.Release|Any CPU.Build.0 = Release|Any CPU
	EndGlobalSection
	GlobalSection(SolutionProperties) = preSolution
		HideSolutionNode = FALSE
	EndGlobalSection
EndGlobal
